// !$*UTF8*$!
{
	archiveVersion = 1;
	classes = {
	};
	objectVersion = 52;
	objects = {

/* Begin PBXBuildFile section */
		F82BDE3026D771BF00EE7A27 /* AppDelegate.swift in Sources */ = {isa = PBXBuildFile; fileRef = F82BDE2F26D771BF00EE7A27 /* AppDelegate.swift */; };
		F82BDE3426D771BF00EE7A27 /* MainViewController.swift in Sources */ = {isa = PBXBuildFile; fileRef = F82BDE3326D771BF00EE7A27 /* MainViewController.swift */; };
		F82BDE3926D771BF00EE7A27 /* Assets.xcassets in Resources */ = {isa = PBXBuildFile; fileRef = F82BDE3826D771BF00EE7A27 /* Assets.xcassets */; };
		F82BDE3C26D771BF00EE7A27 /* LaunchScreen.storyboard in Resources */ = {isa = PBXBuildFile; fileRef = F82BDE3A26D771BF00EE7A27 /* LaunchScreen.storyboard */; };
		F82BDE4726D7746300EE7A27 /* MainModel.swift in Sources */ = {isa = PBXBuildFile; fileRef = F82BDE4626D7746300EE7A27 /* MainModel.swift */; };
		F82BDE4926D7748600EE7A27 /* MainViewModel.swift in Sources */ = {isa = PBXBuildFile; fileRef = F82BDE4826D7748600EE7A27 /* MainViewModel.swift */; };
		F82BDE4E26D7752900EE7A27 /* ViewController.swift in Sources */ = {isa = PBXBuildFile; fileRef = F82BDE4D26D7752900EE7A27 /* ViewController.swift */; };
		F82BDE5026D7752D00EE7A27 /* Const.swift in Sources */ = {isa = PBXBuildFile; fileRef = F82BDE4F26D7752D00EE7A27 /* Const.swift */; };
		F82BDE5626D799F800EE7A27 /* Observable.swift in Sources */ = {isa = PBXBuildFile; fileRef = F82BDE5526D799F800EE7A27 /* Observable.swift */; };
		F82BDE5A26D7F46900EE7A27 /* SnapKit in Frameworks */ = {isa = PBXBuildFile; productRef = F82BDE5926D7F46900EE7A27 /* SnapKit */; };
		F82BDE5C26D7F64200EE7A27 /* QRCodeViewController.swift in Sources */ = {isa = PBXBuildFile; fileRef = F82BDE5B26D7F64200EE7A27 /* QRCodeViewController.swift */; };
		F82BDE6E26D9DE1900EE7A27 /* UIView+Extension.swift in Sources */ = {isa = PBXBuildFile; fileRef = F82BDE6D26D9DE1900EE7A27 /* UIView+Extension.swift */; };
		F82BDE7026DCBD0300EE7A27 /* QRCodeViewModel.swift in Sources */ = {isa = PBXBuildFile; fileRef = F82BDE6F26DCBD0300EE7A27 /* QRCodeViewModel.swift */; };
		F82BDE7226DE0A5200EE7A27 /* QRCodeView.swift in Sources */ = {isa = PBXBuildFile; fileRef = F82BDE7126DE0A5200EE7A27 /* QRCodeView.swift */; };
		F842E65F26E20F06000B2C2B /* WidgetKit.framework in Frameworks */ = {isa = PBXBuildFile; fileRef = F8D624C026DF466A00CD5187 /* WidgetKit.framework */; };
		F842E66026E20F06000B2C2B /* SwiftUI.framework in Frameworks */ = {isa = PBXBuildFile; fileRef = F8D624C226DF466A00CD5187 /* SwiftUI.framework */; };
		F842E66326E20F06000B2C2B /* KakaoWidget_iOS_CloneCoding.swift in Sources */ = {isa = PBXBuildFile; fileRef = F842E66226E20F06000B2C2B /* KakaoWidget_iOS_CloneCoding.swift */; };
		F842E66626E20F07000B2C2B /* Assets.xcassets in Resources */ = {isa = PBXBuildFile; fileRef = F842E66526E20F07000B2C2B /* Assets.xcassets */; };
		F842E66826E20F07000B2C2B /* KakaoWidget_iOS_CloneCoding.intentdefinition in Sources */ = {isa = PBXBuildFile; fileRef = F842E66426E20F06000B2C2B /* KakaoWidget_iOS_CloneCoding.intentdefinition */; };
		F842E66926E20F07000B2C2B /* KakaoWidget_iOS_CloneCoding.intentdefinition in Sources */ = {isa = PBXBuildFile; fileRef = F842E66426E20F06000B2C2B /* KakaoWidget_iOS_CloneCoding.intentdefinition */; };
		F842E66C26E20F07000B2C2B /* KakaoWidget-iOS-CloneCodingExtension.appex in Embed App Extensions */ = {isa = PBXBuildFile; fileRef = F842E65E26E20F06000B2C2B /* KakaoWidget-iOS-CloneCodingExtension.appex */; settings = {ATTRIBUTES = (RemoveHeadersOnCopy, ); }; };
		F8C0930526EDBFD300603E01 /* FaceIDAuthenticationViewController.swift in Sources */ = {isa = PBXBuildFile; fileRef = F8C0930426EDBFD300603E01 /* FaceIDAuthenticationViewController.swift */; };
		F8C0930726EDC2EA00603E01 /* FaceIDAuthenticationViewModel.swift in Sources */ = {isa = PBXBuildFile; fileRef = F8C0930626EDC2EA00603E01 /* FaceIDAuthenticationViewModel.swift */; };
		F8C0930A26EDC53400603E01 /* FaceIDAuthenticationService.swift in Sources */ = {isa = PBXBuildFile; fileRef = F8C0930926EDC53400603E01 /* FaceIDAuthenticationService.swift */; };
		F8C657762754A2290003B5D3 /* UniformTypeIdentifiers.framework in Frameworks */ = {isa = PBXBuildFile; fileRef = F8C657752754A2290003B5D3 /* UniformTypeIdentifiers.framework */; };
		F8C657792754A2290003B5D3 /* Media.xcassets in Resources */ = {isa = PBXBuildFile; fileRef = F8C657782754A2290003B5D3 /* Media.xcassets */; };
		F8C6577B2754A2290003B5D3 /* ActionViewController.swift in Sources */ = {isa = PBXBuildFile; fileRef = F8C6577A2754A2290003B5D3 /* ActionViewController.swift */; };
		F8C6577E2754A2290003B5D3 /* MainInterface.storyboard in Resources */ = {isa = PBXBuildFile; fileRef = F8C6577C2754A2290003B5D3 /* MainInterface.storyboard */; };
		F8C657822754A2290003B5D3 /* ActionExtension.appex in Embed App Extensions */ = {isa = PBXBuildFile; fileRef = F8C657742754A2290003B5D3 /* ActionExtension.appex */; settings = {ATTRIBUTES = (RemoveHeadersOnCopy, ); }; };
		F8CCA62B2713F62200B87093 /* UIColor+Extension.swift in Sources */ = {isa = PBXBuildFile; fileRef = F8CCA62A2713F62200B87093 /* UIColor+Extension.swift */; };
		F8EF6DAF26E54FAF007A6121 /* UserDefaults+Extension.swift in Sources */ = {isa = PBXBuildFile; fileRef = F8EF6DAE26E54FAF007A6121 /* UserDefaults+Extension.swift */; };
/* End PBXBuildFile section */

/* Begin PBXContainerItemProxy section */
		F842E66A26E20F07000B2C2B /* PBXContainerItemProxy */ = {
			isa = PBXContainerItemProxy;
			containerPortal = F82BDE2426D771BF00EE7A27 /* Project object */;
			proxyType = 1;
			remoteGlobalIDString = F842E65D26E20F06000B2C2B;
			remoteInfo = "KakaoWidget-iOS-CloneCodingExtension";
		};
		F8C657802754A2290003B5D3 /* PBXContainerItemProxy */ = {
			isa = PBXContainerItemProxy;
			containerPortal = F82BDE2426D771BF00EE7A27 /* Project object */;
			proxyType = 1;
			remoteGlobalIDString = F8C657732754A2290003B5D3;
			remoteInfo = ActionExtension;
		};
/* End PBXContainerItemProxy section */

/* Begin PBXCopyFilesBuildPhase section */
		F8D624D026DF466C00CD5187 /* Embed App Extensions */ = {
			isa = PBXCopyFilesBuildPhase;
			buildActionMask = 2147483647;
			dstPath = "";
			dstSubfolderSpec = 13;
			files = (
				F8C657822754A2290003B5D3 /* ActionExtension.appex in Embed App Extensions */,
				F842E66C26E20F07000B2C2B /* KakaoWidget-iOS-CloneCodingExtension.appex in Embed App Extensions */,
			);
			name = "Embed App Extensions";
			runOnlyForDeploymentPostprocessing = 0;
		};
/* End PBXCopyFilesBuildPhase section */

/* Begin PBXFileReference section */
		F82BDE2C26D771BF00EE7A27 /* KakaoQRcode-iOS-CloneCoding.app */ = {isa = PBXFileReference; explicitFileType = wrapper.application; includeInIndex = 0; path = "KakaoQRcode-iOS-CloneCoding.app"; sourceTree = BUILT_PRODUCTS_DIR; };
		F82BDE2F26D771BF00EE7A27 /* AppDelegate.swift */ = {isa = PBXFileReference; lastKnownFileType = sourcecode.swift; path = AppDelegate.swift; sourceTree = "<group>"; };
		F82BDE3326D771BF00EE7A27 /* MainViewController.swift */ = {isa = PBXFileReference; lastKnownFileType = sourcecode.swift; path = MainViewController.swift; sourceTree = "<group>"; };
		F82BDE3826D771BF00EE7A27 /* Assets.xcassets */ = {isa = PBXFileReference; lastKnownFileType = folder.assetcatalog; path = Assets.xcassets; sourceTree = "<group>"; };
		F82BDE3B26D771BF00EE7A27 /* Base */ = {isa = PBXFileReference; lastKnownFileType = file.storyboard; name = Base; path = Base.lproj/LaunchScreen.storyboard; sourceTree = "<group>"; };
		F82BDE3D26D771BF00EE7A27 /* Info.plist */ = {isa = PBXFileReference; lastKnownFileType = text.plist.xml; path = Info.plist; sourceTree = "<group>"; };
		F82BDE4626D7746300EE7A27 /* MainModel.swift */ = {isa = PBXFileReference; lastKnownFileType = sourcecode.swift; path = MainModel.swift; sourceTree = "<group>"; };
		F82BDE4826D7748600EE7A27 /* MainViewModel.swift */ = {isa = PBXFileReference; lastKnownFileType = sourcecode.swift; path = MainViewModel.swift; sourceTree = "<group>"; };
		F82BDE4D26D7752900EE7A27 /* ViewController.swift */ = {isa = PBXFileReference; lastKnownFileType = sourcecode.swift; path = ViewController.swift; sourceTree = "<group>"; };
		F82BDE4F26D7752D00EE7A27 /* Const.swift */ = {isa = PBXFileReference; lastKnownFileType = sourcecode.swift; path = Const.swift; sourceTree = "<group>"; };
		F82BDE5526D799F800EE7A27 /* Observable.swift */ = {isa = PBXFileReference; lastKnownFileType = sourcecode.swift; path = Observable.swift; sourceTree = "<group>"; };
		F82BDE5B26D7F64200EE7A27 /* QRCodeViewController.swift */ = {isa = PBXFileReference; lastKnownFileType = sourcecode.swift; path = QRCodeViewController.swift; sourceTree = "<group>"; };
		F82BDE6D26D9DE1900EE7A27 /* UIView+Extension.swift */ = {isa = PBXFileReference; lastKnownFileType = sourcecode.swift; path = "UIView+Extension.swift"; sourceTree = "<group>"; };
		F82BDE6F26DCBD0300EE7A27 /* QRCodeViewModel.swift */ = {isa = PBXFileReference; lastKnownFileType = sourcecode.swift; path = QRCodeViewModel.swift; sourceTree = "<group>"; };
		F82BDE7126DE0A5200EE7A27 /* QRCodeView.swift */ = {isa = PBXFileReference; lastKnownFileType = sourcecode.swift; path = QRCodeView.swift; sourceTree = "<group>"; };
		F842E65E26E20F06000B2C2B /* KakaoWidget-iOS-CloneCodingExtension.appex */ = {isa = PBXFileReference; explicitFileType = "wrapper.app-extension"; includeInIndex = 0; path = "KakaoWidget-iOS-CloneCodingExtension.appex"; sourceTree = BUILT_PRODUCTS_DIR; };
		F842E66226E20F06000B2C2B /* KakaoWidget_iOS_CloneCoding.swift */ = {isa = PBXFileReference; lastKnownFileType = sourcecode.swift; path = KakaoWidget_iOS_CloneCoding.swift; sourceTree = "<group>"; };
		F842E66426E20F06000B2C2B /* KakaoWidget_iOS_CloneCoding.intentdefinition */ = {isa = PBXFileReference; lastKnownFileType = file.intentdefinition; path = KakaoWidget_iOS_CloneCoding.intentdefinition; sourceTree = "<group>"; };
		F842E66526E20F07000B2C2B /* Assets.xcassets */ = {isa = PBXFileReference; lastKnownFileType = folder.assetcatalog; path = Assets.xcassets; sourceTree = "<group>"; };
		F842E66726E20F07000B2C2B /* Info.plist */ = {isa = PBXFileReference; lastKnownFileType = text.plist.xml; path = Info.plist; sourceTree = "<group>"; };
		F8C0930426EDBFD300603E01 /* FaceIDAuthenticationViewController.swift */ = {isa = PBXFileReference; lastKnownFileType = sourcecode.swift; path = FaceIDAuthenticationViewController.swift; sourceTree = "<group>"; };
		F8C0930626EDC2EA00603E01 /* FaceIDAuthenticationViewModel.swift */ = {isa = PBXFileReference; lastKnownFileType = sourcecode.swift; path = FaceIDAuthenticationViewModel.swift; sourceTree = "<group>"; };
		F8C0930926EDC53400603E01 /* FaceIDAuthenticationService.swift */ = {isa = PBXFileReference; lastKnownFileType = sourcecode.swift; path = FaceIDAuthenticationService.swift; sourceTree = "<group>"; };
		F8C657742754A2290003B5D3 /* ActionExtension.appex */ = {isa = PBXFileReference; explicitFileType = "wrapper.app-extension"; includeInIndex = 0; path = ActionExtension.appex; sourceTree = BUILT_PRODUCTS_DIR; };
		F8C657752754A2290003B5D3 /* UniformTypeIdentifiers.framework */ = {isa = PBXFileReference; lastKnownFileType = wrapper.framework; name = UniformTypeIdentifiers.framework; path = System/Library/Frameworks/UniformTypeIdentifiers.framework; sourceTree = SDKROOT; };
		F8C657782754A2290003B5D3 /* Media.xcassets */ = {isa = PBXFileReference; lastKnownFileType = folder.assetcatalog; path = Media.xcassets; sourceTree = "<group>"; };
		F8C6577A2754A2290003B5D3 /* ActionViewController.swift */ = {isa = PBXFileReference; lastKnownFileType = sourcecode.swift; path = ActionViewController.swift; sourceTree = "<group>"; };
		F8C6577D2754A2290003B5D3 /* Base */ = {isa = PBXFileReference; lastKnownFileType = file.storyboard; name = Base; path = Base.lproj/MainInterface.storyboard; sourceTree = "<group>"; };
		F8C6577F2754A2290003B5D3 /* Info.plist */ = {isa = PBXFileReference; lastKnownFileType = text.plist.xml; path = Info.plist; sourceTree = "<group>"; };
		F8CCA62A2713F62200B87093 /* UIColor+Extension.swift */ = {isa = PBXFileReference; lastKnownFileType = sourcecode.swift; path = "UIColor+Extension.swift"; sourceTree = "<group>"; };
		F8D624C026DF466A00CD5187 /* WidgetKit.framework */ = {isa = PBXFileReference; lastKnownFileType = wrapper.framework; name = WidgetKit.framework; path = System/Library/Frameworks/WidgetKit.framework; sourceTree = SDKROOT; };
		F8D624C226DF466A00CD5187 /* SwiftUI.framework */ = {isa = PBXFileReference; lastKnownFileType = wrapper.framework; name = SwiftUI.framework; path = System/Library/Frameworks/SwiftUI.framework; sourceTree = SDKROOT; };
		F8EF6DAC26E538B3007A6121 /* KakaoQRcode-iOS-CloneCoding.entitlements */ = {isa = PBXFileReference; lastKnownFileType = text.plist.entitlements; path = "KakaoQRcode-iOS-CloneCoding.entitlements"; sourceTree = "<group>"; };
		F8EF6DAD26E539EE007A6121 /* KakaoWidget-iOS-CloneCodingExtension.entitlements */ = {isa = PBXFileReference; lastKnownFileType = text.plist.entitlements; path = "KakaoWidget-iOS-CloneCodingExtension.entitlements"; sourceTree = "<group>"; };
		F8EF6DAE26E54FAF007A6121 /* UserDefaults+Extension.swift */ = {isa = PBXFileReference; lastKnownFileType = sourcecode.swift; path = "UserDefaults+Extension.swift"; sourceTree = "<group>"; };
/* End PBXFileReference section */

/* Begin PBXFrameworksBuildPhase section */
		F82BDE2926D771BF00EE7A27 /* Frameworks */ = {
			isa = PBXFrameworksBuildPhase;
			buildActionMask = 2147483647;
			files = (
				F82BDE5A26D7F46900EE7A27 /* SnapKit in Frameworks */,
			);
			runOnlyForDeploymentPostprocessing = 0;
		};
		F842E65B26E20F06000B2C2B /* Frameworks */ = {
			isa = PBXFrameworksBuildPhase;
			buildActionMask = 2147483647;
			files = (
				F842E66026E20F06000B2C2B /* SwiftUI.framework in Frameworks */,
				F842E65F26E20F06000B2C2B /* WidgetKit.framework in Frameworks */,
			);
			runOnlyForDeploymentPostprocessing = 0;
		};
		F8C657712754A2290003B5D3 /* Frameworks */ = {
			isa = PBXFrameworksBuildPhase;
			buildActionMask = 2147483647;
			files = (
				F8C657762754A2290003B5D3 /* UniformTypeIdentifiers.framework in Frameworks */,
			);
			runOnlyForDeploymentPostprocessing = 0;
		};
/* End PBXFrameworksBuildPhase section */

/* Begin PBXGroup section */
		F82BDE2326D771BF00EE7A27 = {
			isa = PBXGroup;
			children = (
				F8EF6DAD26E539EE007A6121 /* KakaoWidget-iOS-CloneCodingExtension.entitlements */,
				F82BDE2E26D771BF00EE7A27 /* KakaoQRcode-iOS-CloneCoding */,
				F842E66126E20F06000B2C2B /* KakaoWidget-iOS-CloneCoding */,
				F8C657772754A2290003B5D3 /* ActionExtension */,
				F8D624BF26DF466A00CD5187 /* Frameworks */,
				F82BDE2D26D771BF00EE7A27 /* Products */,
			);
			sourceTree = "<group>";
		};
		F82BDE2D26D771BF00EE7A27 /* Products */ = {
			isa = PBXGroup;
			children = (
				F82BDE2C26D771BF00EE7A27 /* KakaoQRcode-iOS-CloneCoding.app */,
				F842E65E26E20F06000B2C2B /* KakaoWidget-iOS-CloneCodingExtension.appex */,
				F8C657742754A2290003B5D3 /* ActionExtension.appex */,
			);
			name = Products;
			sourceTree = "<group>";
		};
		F82BDE2E26D771BF00EE7A27 /* KakaoQRcode-iOS-CloneCoding */ = {
			isa = PBXGroup;
			children = (
				F8EF6DAC26E538B3007A6121 /* KakaoQRcode-iOS-CloneCoding.entitlements */,
				F82BDE4B26D774A500EE7A27 /* Resource */,
				F82BDE4A26D7749C00EE7A27 /* Source */,
			);
			path = "KakaoQRcode-iOS-CloneCoding";
			sourceTree = "<group>";
		};
		F82BDE4326D7744000EE7A27 /* Views */ = {
			isa = PBXGroup;
			children = (
				F82BDE3A26D771BF00EE7A27 /* LaunchScreen.storyboard */,
				F82BDE3326D771BF00EE7A27 /* MainViewController.swift */,
				F82BDE5B26D7F64200EE7A27 /* QRCodeViewController.swift */,
				F8C0930426EDBFD300603E01 /* FaceIDAuthenticationViewController.swift */,
			);
			path = Views;
			sourceTree = "<group>";
		};
		F82BDE4426D7744400EE7A27 /* Models */ = {
			isa = PBXGroup;
			children = (
				F82BDE4626D7746300EE7A27 /* MainModel.swift */,
			);
			path = Models;
			sourceTree = "<group>";
		};
		F82BDE4526D7744900EE7A27 /* ViewModels */ = {
			isa = PBXGroup;
			children = (
				F82BDE4826D7748600EE7A27 /* MainViewModel.swift */,
				F82BDE6F26DCBD0300EE7A27 /* QRCodeViewModel.swift */,
				F8C0930626EDC2EA00603E01 /* FaceIDAuthenticationViewModel.swift */,
			);
			path = ViewModels;
			sourceTree = "<group>";
		};
		F82BDE4A26D7749C00EE7A27 /* Source */ = {
			isa = PBXGroup;
			children = (
				F82BDE2F26D771BF00EE7A27 /* AppDelegate.swift */,
				F8C0930826EDC51E00603E01 /* Services */,
				F82BDE5726D79A0100EE7A27 /* Observables */,
				F82BDE4326D7744000EE7A27 /* Views */,
				F82BDE4426D7744400EE7A27 /* Models */,
				F82BDE4526D7744900EE7A27 /* ViewModels */,
			);
			path = Source;
			sourceTree = "<group>";
		};
		F82BDE4B26D774A500EE7A27 /* Resource */ = {
			isa = PBXGroup;
			children = (
				F82BDE3D26D771BF00EE7A27 /* Info.plist */,
				F82BDE3826D771BF00EE7A27 /* Assets.xcassets */,
				F82BDE4C26D7751400EE7A27 /* Constants */,
				F82BDE7326DE0CD800EE7A27 /* Classes */,
				F82BDE6C26D9DDFB00EE7A27 /* Extensions */,
			);
			path = Resource;
			sourceTree = "<group>";
		};
		F82BDE4C26D7751400EE7A27 /* Constants */ = {
			isa = PBXGroup;
			children = (
				F82BDE4F26D7752D00EE7A27 /* Const.swift */,
				F82BDE4D26D7752900EE7A27 /* ViewController.swift */,
			);
			path = Constants;
			sourceTree = "<group>";
		};
		F82BDE5726D79A0100EE7A27 /* Observables */ = {
			isa = PBXGroup;
			children = (
				F82BDE5526D799F800EE7A27 /* Observable.swift */,
			);
			path = Observables;
			sourceTree = "<group>";
		};
		F82BDE6C26D9DDFB00EE7A27 /* Extensions */ = {
			isa = PBXGroup;
			children = (
				F82BDE6D26D9DE1900EE7A27 /* UIView+Extension.swift */,
				F8EF6DAE26E54FAF007A6121 /* UserDefaults+Extension.swift */,
				F8CCA62A2713F62200B87093 /* UIColor+Extension.swift */,
			);
			path = Extensions;
			sourceTree = "<group>";
		};
		F82BDE7326DE0CD800EE7A27 /* Classes */ = {
			isa = PBXGroup;
			children = (
				F82BDE7126DE0A5200EE7A27 /* QRCodeView.swift */,
			);
			path = Classes;
			sourceTree = "<group>";
		};
		F842E66126E20F06000B2C2B /* KakaoWidget-iOS-CloneCoding */ = {
			isa = PBXGroup;
			children = (
				F842E66226E20F06000B2C2B /* KakaoWidget_iOS_CloneCoding.swift */,
				F842E66426E20F06000B2C2B /* KakaoWidget_iOS_CloneCoding.intentdefinition */,
				F842E66526E20F07000B2C2B /* Assets.xcassets */,
				F842E66726E20F07000B2C2B /* Info.plist */,
			);
			path = "KakaoWidget-iOS-CloneCoding";
			sourceTree = "<group>";
		};
		F8C0930826EDC51E00603E01 /* Services */ = {
			isa = PBXGroup;
			children = (
				F8C0930926EDC53400603E01 /* FaceIDAuthenticationService.swift */,
			);
			path = Services;
			sourceTree = "<group>";
		};
		F8C657772754A2290003B5D3 /* ActionExtension */ = {
			isa = PBXGroup;
			children = (
				F8C657782754A2290003B5D3 /* Media.xcassets */,
				F8C6577A2754A2290003B5D3 /* ActionViewController.swift */,
				F8C6577C2754A2290003B5D3 /* MainInterface.storyboard */,
				F8C6577F2754A2290003B5D3 /* Info.plist */,
			);
			path = ActionExtension;
			sourceTree = "<group>";
		};
		F8D624BF26DF466A00CD5187 /* Frameworks */ = {
			isa = PBXGroup;
			children = (
				F8D624C026DF466A00CD5187 /* WidgetKit.framework */,
				F8D624C226DF466A00CD5187 /* SwiftUI.framework */,
				F8C657752754A2290003B5D3 /* UniformTypeIdentifiers.framework */,
			);
			name = Frameworks;
			sourceTree = "<group>";
		};
/* End PBXGroup section */

/* Begin PBXNativeTarget section */
		F82BDE2B26D771BF00EE7A27 /* KakaoQRcode-iOS-CloneCoding */ = {
			isa = PBXNativeTarget;
			buildConfigurationList = F82BDE4026D771BF00EE7A27 /* Build configuration list for PBXNativeTarget "KakaoQRcode-iOS-CloneCoding" */;
			buildPhases = (
				F82BDE2826D771BF00EE7A27 /* Sources */,
				F82BDE2926D771BF00EE7A27 /* Frameworks */,
				F82BDE2A26D771BF00EE7A27 /* Resources */,
				F8D624D026DF466C00CD5187 /* Embed App Extensions */,
			);
			buildRules = (
			);
			dependencies = (
				F842E66B26E20F07000B2C2B /* PBXTargetDependency */,
				F8C657812754A2290003B5D3 /* PBXTargetDependency */,
			);
			name = "KakaoQRcode-iOS-CloneCoding";
			packageProductDependencies = (
				F82BDE5926D7F46900EE7A27 /* SnapKit */,
			);
			productName = "KakaoQRcode-iOS-CloneCoding";
			productReference = F82BDE2C26D771BF00EE7A27 /* KakaoQRcode-iOS-CloneCoding.app */;
			productType = "com.apple.product-type.application";
		};
		F842E65D26E20F06000B2C2B /* KakaoWidget-iOS-CloneCodingExtension */ = {
			isa = PBXNativeTarget;
			buildConfigurationList = F842E66D26E20F07000B2C2B /* Build configuration list for PBXNativeTarget "KakaoWidget-iOS-CloneCodingExtension" */;
			buildPhases = (
				F842E65A26E20F06000B2C2B /* Sources */,
				F842E65B26E20F06000B2C2B /* Frameworks */,
				F842E65C26E20F06000B2C2B /* Resources */,
			);
			buildRules = (
			);
			dependencies = (
			);
			name = "KakaoWidget-iOS-CloneCodingExtension";
			productName = "KakaoWidget-iOS-CloneCodingExtension";
			productReference = F842E65E26E20F06000B2C2B /* KakaoWidget-iOS-CloneCodingExtension.appex */;
			productType = "com.apple.product-type.app-extension";
		};
		F8C657732754A2290003B5D3 /* ActionExtension */ = {
			isa = PBXNativeTarget;
			buildConfigurationList = F8C657852754A2290003B5D3 /* Build configuration list for PBXNativeTarget "ActionExtension" */;
			buildPhases = (
				F8C657702754A2290003B5D3 /* Sources */,
				F8C657712754A2290003B5D3 /* Frameworks */,
				F8C657722754A2290003B5D3 /* Resources */,
			);
			buildRules = (
			);
			dependencies = (
			);
			name = ActionExtension;
			productName = ActionExtension;
			productReference = F8C657742754A2290003B5D3 /* ActionExtension.appex */;
			productType = "com.apple.product-type.app-extension";
		};
/* End PBXNativeTarget section */

/* Begin PBXProject section */
		F82BDE2426D771BF00EE7A27 /* Project object */ = {
			isa = PBXProject;
			attributes = {
				LastSwiftUpdateCheck = 1310;
				LastUpgradeCheck = 1250;
				TargetAttributes = {
					F82BDE2B26D771BF00EE7A27 = {
						CreatedOnToolsVersion = 12.5.1;
					};
					F842E65D26E20F06000B2C2B = {
						CreatedOnToolsVersion = 12.5.1;
					};
					F8C657732754A2290003B5D3 = {
						CreatedOnToolsVersion = 13.1;
					};
				};
			};
			buildConfigurationList = F82BDE2726D771BF00EE7A27 /* Build configuration list for PBXProject "KakaoQRcode-iOS-CloneCoding" */;
			compatibilityVersion = "Xcode 9.3";
			developmentRegion = en;
			hasScannedForEncodings = 0;
			knownRegions = (
				en,
				Base,
			);
			mainGroup = F82BDE2326D771BF00EE7A27;
			packageReferences = (
				F82BDE5826D7F46900EE7A27 /* XCRemoteSwiftPackageReference "SnapKit" */,
			);
			productRefGroup = F82BDE2D26D771BF00EE7A27 /* Products */;
			projectDirPath = "";
			projectRoot = "";
			targets = (
				F82BDE2B26D771BF00EE7A27 /* KakaoQRcode-iOS-CloneCoding */,
				F842E65D26E20F06000B2C2B /* KakaoWidget-iOS-CloneCodingExtension */,
				F8C657732754A2290003B5D3 /* ActionExtension */,
			);
		};
/* End PBXProject section */

/* Begin PBXResourcesBuildPhase section */
		F82BDE2A26D771BF00EE7A27 /* Resources */ = {
			isa = PBXResourcesBuildPhase;
			buildActionMask = 2147483647;
			files = (
				F82BDE3C26D771BF00EE7A27 /* LaunchScreen.storyboard in Resources */,
				F82BDE3926D771BF00EE7A27 /* Assets.xcassets in Resources */,
			);
			runOnlyForDeploymentPostprocessing = 0;
		};
		F842E65C26E20F06000B2C2B /* Resources */ = {
			isa = PBXResourcesBuildPhase;
			buildActionMask = 2147483647;
			files = (
				F842E66626E20F07000B2C2B /* Assets.xcassets in Resources */,
			);
			runOnlyForDeploymentPostprocessing = 0;
		};
		F8C657722754A2290003B5D3 /* Resources */ = {
			isa = PBXResourcesBuildPhase;
			buildActionMask = 2147483647;
			files = (
				F8C657792754A2290003B5D3 /* Media.xcassets in Resources */,
				F8C6577E2754A2290003B5D3 /* MainInterface.storyboard in Resources */,
			);
			runOnlyForDeploymentPostprocessing = 0;
		};
/* End PBXResourcesBuildPhase section */

/* Begin PBXSourcesBuildPhase section */
		F82BDE2826D771BF00EE7A27 /* Sources */ = {
			isa = PBXSourcesBuildPhase;
			buildActionMask = 2147483647;
			files = (
				F82BDE5626D799F800EE7A27 /* Observable.swift in Sources */,
				F82BDE4E26D7752900EE7A27 /* ViewController.swift in Sources */,
				F82BDE5C26D7F64200EE7A27 /* QRCodeViewController.swift in Sources */,
				F82BDE7226DE0A5200EE7A27 /* QRCodeView.swift in Sources */,
				F8CCA62B2713F62200B87093 /* UIColor+Extension.swift in Sources */,
				F82BDE6E26D9DE1900EE7A27 /* UIView+Extension.swift in Sources */,
				F82BDE7026DCBD0300EE7A27 /* QRCodeViewModel.swift in Sources */,
				F8C0930726EDC2EA00603E01 /* FaceIDAuthenticationViewModel.swift in Sources */,
				F82BDE4926D7748600EE7A27 /* MainViewModel.swift in Sources */,
				F82BDE3426D771BF00EE7A27 /* MainViewController.swift in Sources */,
				F8C0930526EDBFD300603E01 /* FaceIDAuthenticationViewController.swift in Sources */,
				F82BDE3026D771BF00EE7A27 /* AppDelegate.swift in Sources */,
				F8C0930A26EDC53400603E01 /* FaceIDAuthenticationService.swift in Sources */,
				F8EF6DAF26E54FAF007A6121 /* UserDefaults+Extension.swift in Sources */,
				F82BDE4726D7746300EE7A27 /* MainModel.swift in Sources */,
				F842E66926E20F07000B2C2B /* KakaoWidget_iOS_CloneCoding.intentdefinition in Sources */,
				F82BDE5026D7752D00EE7A27 /* Const.swift in Sources */,
			);
			runOnlyForDeploymentPostprocessing = 0;
		};
		F842E65A26E20F06000B2C2B /* Sources */ = {
			isa = PBXSourcesBuildPhase;
			buildActionMask = 2147483647;
			files = (
				F842E66826E20F07000B2C2B /* KakaoWidget_iOS_CloneCoding.intentdefinition in Sources */,
				F842E66326E20F06000B2C2B /* KakaoWidget_iOS_CloneCoding.swift in Sources */,
			);
			runOnlyForDeploymentPostprocessing = 0;
		};
		F8C657702754A2290003B5D3 /* Sources */ = {
			isa = PBXSourcesBuildPhase;
			buildActionMask = 2147483647;
			files = (
				F8C6577B2754A2290003B5D3 /* ActionViewController.swift in Sources */,
			);
			runOnlyForDeploymentPostprocessing = 0;
		};
/* End PBXSourcesBuildPhase section */

/* Begin PBXTargetDependency section */
		F842E66B26E20F07000B2C2B /* PBXTargetDependency */ = {
			isa = PBXTargetDependency;
			target = F842E65D26E20F06000B2C2B /* KakaoWidget-iOS-CloneCodingExtension */;
			targetProxy = F842E66A26E20F07000B2C2B /* PBXContainerItemProxy */;
		};
		F8C657812754A2290003B5D3 /* PBXTargetDependency */ = {
			isa = PBXTargetDependency;
			target = F8C657732754A2290003B5D3 /* ActionExtension */;
			targetProxy = F8C657802754A2290003B5D3 /* PBXContainerItemProxy */;
		};
/* End PBXTargetDependency section */

/* Begin PBXVariantGroup section */
		F82BDE3A26D771BF00EE7A27 /* LaunchScreen.storyboard */ = {
			isa = PBXVariantGroup;
			children = (
				F82BDE3B26D771BF00EE7A27 /* Base */,
			);
			name = LaunchScreen.storyboard;
			sourceTree = "<group>";
		};
		F8C6577C2754A2290003B5D3 /* MainInterface.storyboard */ = {
			isa = PBXVariantGroup;
			children = (
				F8C6577D2754A2290003B5D3 /* Base */,
			);
			name = MainInterface.storyboard;
			sourceTree = "<group>";
		};
/* End PBXVariantGroup section */

/* Begin XCBuildConfiguration section */
		F82BDE3E26D771BF00EE7A27 /* Debug */ = {
			isa = XCBuildConfiguration;
			buildSettings = {
				ALWAYS_SEARCH_USER_PATHS = NO;
				CLANG_ANALYZER_NONNULL = YES;
				CLANG_ANALYZER_NUMBER_OBJECT_CONVERSION = YES_AGGRESSIVE;
				CLANG_CXX_LANGUAGE_STANDARD = "gnu++14";
				CLANG_CXX_LIBRARY = "libc++";
				CLANG_ENABLE_MODULES = YES;
				CLANG_ENABLE_OBJC_ARC = YES;
				CLANG_ENABLE_OBJC_WEAK = YES;
				CLANG_WARN_BLOCK_CAPTURE_AUTORELEASING = YES;
				CLANG_WARN_BOOL_CONVERSION = YES;
				CLANG_WARN_COMMA = YES;
				CLANG_WARN_CONSTANT_CONVERSION = YES;
				CLANG_WARN_DEPRECATED_OBJC_IMPLEMENTATIONS = YES;
				CLANG_WARN_DIRECT_OBJC_ISA_USAGE = YES_ERROR;
				CLANG_WARN_DOCUMENTATION_COMMENTS = YES;
				CLANG_WARN_EMPTY_BODY = YES;
				CLANG_WARN_ENUM_CONVERSION = YES;
				CLANG_WARN_INFINITE_RECURSION = YES;
				CLANG_WARN_INT_CONVERSION = YES;
				CLANG_WARN_NON_LITERAL_NULL_CONVERSION = YES;
				CLANG_WARN_OBJC_IMPLICIT_RETAIN_SELF = YES;
				CLANG_WARN_OBJC_LITERAL_CONVERSION = YES;
				CLANG_WARN_OBJC_ROOT_CLASS = YES_ERROR;
				CLANG_WARN_QUOTED_INCLUDE_IN_FRAMEWORK_HEADER = YES;
				CLANG_WARN_RANGE_LOOP_ANALYSIS = YES;
				CLANG_WARN_STRICT_PROTOTYPES = YES;
				CLANG_WARN_SUSPICIOUS_MOVE = YES;
				CLANG_WARN_UNGUARDED_AVAILABILITY = YES_AGGRESSIVE;
				CLANG_WARN_UNREACHABLE_CODE = YES;
				CLANG_WARN__DUPLICATE_METHOD_MATCH = YES;
				COPY_PHASE_STRIP = NO;
				DEBUG_INFORMATION_FORMAT = dwarf;
				ENABLE_STRICT_OBJC_MSGSEND = YES;
				ENABLE_TESTABILITY = YES;
				GCC_C_LANGUAGE_STANDARD = gnu11;
				GCC_DYNAMIC_NO_PIC = NO;
				GCC_NO_COMMON_BLOCKS = YES;
				GCC_OPTIMIZATION_LEVEL = 0;
				GCC_PREPROCESSOR_DEFINITIONS = (
					"DEBUG=1",
					"$(inherited)",
				);
				GCC_WARN_64_TO_32_BIT_CONVERSION = YES;
				GCC_WARN_ABOUT_RETURN_TYPE = YES_ERROR;
				GCC_WARN_UNDECLARED_SELECTOR = YES;
				GCC_WARN_UNINITIALIZED_AUTOS = YES_AGGRESSIVE;
				GCC_WARN_UNUSED_FUNCTION = YES;
				GCC_WARN_UNUSED_VARIABLE = YES;
				IPHONEOS_DEPLOYMENT_TARGET = 14.5;
				MTL_ENABLE_DEBUG_INFO = INCLUDE_SOURCE;
				MTL_FAST_MATH = YES;
				ONLY_ACTIVE_ARCH = YES;
				SDKROOT = iphoneos;
				SWIFT_ACTIVE_COMPILATION_CONDITIONS = DEBUG;
				SWIFT_OPTIMIZATION_LEVEL = "-Onone";
			};
			name = Debug;
		};
		F82BDE3F26D771BF00EE7A27 /* Release */ = {
			isa = XCBuildConfiguration;
			buildSettings = {
				ALWAYS_SEARCH_USER_PATHS = NO;
				CLANG_ANALYZER_NONNULL = YES;
				CLANG_ANALYZER_NUMBER_OBJECT_CONVERSION = YES_AGGRESSIVE;
				CLANG_CXX_LANGUAGE_STANDARD = "gnu++14";
				CLANG_CXX_LIBRARY = "libc++";
				CLANG_ENABLE_MODULES = YES;
				CLANG_ENABLE_OBJC_ARC = YES;
				CLANG_ENABLE_OBJC_WEAK = YES;
				CLANG_WARN_BLOCK_CAPTURE_AUTORELEASING = YES;
				CLANG_WARN_BOOL_CONVERSION = YES;
				CLANG_WARN_COMMA = YES;
				CLANG_WARN_CONSTANT_CONVERSION = YES;
				CLANG_WARN_DEPRECATED_OBJC_IMPLEMENTATIONS = YES;
				CLANG_WARN_DIRECT_OBJC_ISA_USAGE = YES_ERROR;
				CLANG_WARN_DOCUMENTATION_COMMENTS = YES;
				CLANG_WARN_EMPTY_BODY = YES;
				CLANG_WARN_ENUM_CONVERSION = YES;
				CLANG_WARN_INFINITE_RECURSION = YES;
				CLANG_WARN_INT_CONVERSION = YES;
				CLANG_WARN_NON_LITERAL_NULL_CONVERSION = YES;
				CLANG_WARN_OBJC_IMPLICIT_RETAIN_SELF = YES;
				CLANG_WARN_OBJC_LITERAL_CONVERSION = YES;
				CLANG_WARN_OBJC_ROOT_CLASS = YES_ERROR;
				CLANG_WARN_QUOTED_INCLUDE_IN_FRAMEWORK_HEADER = YES;
				CLANG_WARN_RANGE_LOOP_ANALYSIS = YES;
				CLANG_WARN_STRICT_PROTOTYPES = YES;
				CLANG_WARN_SUSPICIOUS_MOVE = YES;
				CLANG_WARN_UNGUARDED_AVAILABILITY = YES_AGGRESSIVE;
				CLANG_WARN_UNREACHABLE_CODE = YES;
				CLANG_WARN__DUPLICATE_METHOD_MATCH = YES;
				COPY_PHASE_STRIP = NO;
				DEBUG_INFORMATION_FORMAT = "dwarf-with-dsym";
				ENABLE_NS_ASSERTIONS = NO;
				ENABLE_STRICT_OBJC_MSGSEND = YES;
				GCC_C_LANGUAGE_STANDARD = gnu11;
				GCC_NO_COMMON_BLOCKS = YES;
				GCC_WARN_64_TO_32_BIT_CONVERSION = YES;
				GCC_WARN_ABOUT_RETURN_TYPE = YES_ERROR;
				GCC_WARN_UNDECLARED_SELECTOR = YES;
				GCC_WARN_UNINITIALIZED_AUTOS = YES_AGGRESSIVE;
				GCC_WARN_UNUSED_FUNCTION = YES;
				GCC_WARN_UNUSED_VARIABLE = YES;
				IPHONEOS_DEPLOYMENT_TARGET = 14.5;
				MTL_ENABLE_DEBUG_INFO = NO;
				MTL_FAST_MATH = YES;
				SDKROOT = iphoneos;
				SWIFT_COMPILATION_MODE = wholemodule;
				SWIFT_OPTIMIZATION_LEVEL = "-O";
				VALIDATE_PRODUCT = YES;
			};
			name = Release;
		};
		F82BDE4126D771BF00EE7A27 /* Debug */ = {
			isa = XCBuildConfiguration;
			buildSettings = {
				ALWAYS_EMBED_SWIFT_STANDARD_LIBRARIES = YES;
				ASSETCATALOG_COMPILER_APPICON_NAME = AppIcon;
				ASSETCATALOG_COMPILER_GLOBAL_ACCENT_COLOR_NAME = AccentColor;
				CODE_SIGN_ENTITLEMENTS = "KakaoQRcode-iOS-CloneCoding/KakaoQRcode-iOS-CloneCoding.entitlements";
				CODE_SIGN_STYLE = Automatic;
				DEVELOPMENT_TEAM = T8C9SSEX5G;
				INFOPLIST_FILE = "KakaoQRcode-iOS-CloneCoding/Resource/Info.plist";
				LD_RUNPATH_SEARCH_PATHS = (
					"$(inherited)",
					"@executable_path/Frameworks",
				);
				PRODUCT_BUNDLE_IDENTIFIER = "hyun99999.KakaoQRcode-iOS-CloneCoding";
				PRODUCT_NAME = "$(TARGET_NAME)";
				SWIFT_VERSION = 5.0;
				TARGETED_DEVICE_FAMILY = 1;
			};
			name = Debug;
		};
		F82BDE4226D771BF00EE7A27 /* Release */ = {
			isa = XCBuildConfiguration;
			buildSettings = {
				ALWAYS_EMBED_SWIFT_STANDARD_LIBRARIES = YES;
				ASSETCATALOG_COMPILER_APPICON_NAME = AppIcon;
				ASSETCATALOG_COMPILER_GLOBAL_ACCENT_COLOR_NAME = AccentColor;
				CODE_SIGN_ENTITLEMENTS = "KakaoQRcode-iOS-CloneCoding/KakaoQRcode-iOS-CloneCoding.entitlements";
				CODE_SIGN_STYLE = Automatic;
				DEVELOPMENT_TEAM = T8C9SSEX5G;
				INFOPLIST_FILE = "KakaoQRcode-iOS-CloneCoding/Resource/Info.plist";
				LD_RUNPATH_SEARCH_PATHS = (
					"$(inherited)",
					"@executable_path/Frameworks",
				);
				PRODUCT_BUNDLE_IDENTIFIER = "hyun99999.KakaoQRcode-iOS-CloneCoding";
				PRODUCT_NAME = "$(TARGET_NAME)";
				SWIFT_VERSION = 5.0;
				TARGETED_DEVICE_FAMILY = 1;
			};
			name = Release;
		};
		F842E66E26E20F07000B2C2B /* Debug */ = {
			isa = XCBuildConfiguration;
			buildSettings = {
				ASSETCATALOG_COMPILER_GLOBAL_ACCENT_COLOR_NAME = AccentColor;
				ASSETCATALOG_COMPILER_WIDGET_BACKGROUND_COLOR_NAME = WidgetBackground;
				CODE_SIGN_ENTITLEMENTS = "KakaoWidget-iOS-CloneCodingExtension.entitlements";
				CODE_SIGN_STYLE = Automatic;
				DEVELOPMENT_TEAM = T8C9SSEX5G;
				INFOPLIST_FILE = "KakaoWidget-iOS-CloneCoding/Info.plist";
				LD_RUNPATH_SEARCH_PATHS = (
					"$(inherited)",
					"@executable_path/Frameworks",
					"@executable_path/../../Frameworks",
				);
				PRODUCT_BUNDLE_IDENTIFIER = "hyun99999.KakaoQRcode-iOS-CloneCoding.KakaoWidget-iOS-CloneCoding";
				PRODUCT_NAME = "$(TARGET_NAME)";
				SKIP_INSTALL = YES;
				SWIFT_VERSION = 5.0;
				TARGETED_DEVICE_FAMILY = "1,2";
			};
			name = Debug;
		};
		F842E66F26E20F07000B2C2B /* Release */ = {
			isa = XCBuildConfiguration;
			buildSettings = {
				ASSETCATALOG_COMPILER_GLOBAL_ACCENT_COLOR_NAME = AccentColor;
				ASSETCATALOG_COMPILER_WIDGET_BACKGROUND_COLOR_NAME = WidgetBackground;
				CODE_SIGN_ENTITLEMENTS = "KakaoWidget-iOS-CloneCodingExtension.entitlements";
				CODE_SIGN_STYLE = Automatic;
				DEVELOPMENT_TEAM = T8C9SSEX5G;
				INFOPLIST_FILE = "KakaoWidget-iOS-CloneCoding/Info.plist";
				LD_RUNPATH_SEARCH_PATHS = (
					"$(inherited)",
					"@executable_path/Frameworks",
					"@executable_path/../../Frameworks",
				);
				PRODUCT_BUNDLE_IDENTIFIER = "hyun99999.KakaoQRcode-iOS-CloneCoding.KakaoWidget-iOS-CloneCoding";
				PRODUCT_NAME = "$(TARGET_NAME)";
				SKIP_INSTALL = YES;
				SWIFT_VERSION = 5.0;
				TARGETED_DEVICE_FAMILY = "1,2";
			};
			name = Release;
		};
		F8C657832754A2290003B5D3 /* Debug */ = {
			isa = XCBuildConfiguration;
			buildSettings = {
				CLANG_CXX_LANGUAGE_STANDARD = "gnu++17";
				CODE_SIGN_STYLE = Automatic;
				CURRENT_PROJECT_VERSION = 1;
				DEVELOPMENT_TEAM = T8C9SSEX5G;
				GENERATE_INFOPLIST_FILE = YES;
				INFOPLIST_FILE = ActionExtension/Info.plist;
				INFOPLIST_KEY_CFBundleDisplayName = "현규액션><";
				INFOPLIST_KEY_NSHumanReadableCopyright = "";
				IPHONEOS_DEPLOYMENT_TARGET = 15.0;
				LD_RUNPATH_SEARCH_PATHS = (
					"$(inherited)",
					"@executable_path/Frameworks",
					"@executable_path/../../Frameworks",
				);
				MARKETING_VERSION = 1.0;
				PRODUCT_BUNDLE_IDENTIFIER = "hyun99999.KakaoQRcode-iOS-CloneCoding.ActionExtension";
				PRODUCT_NAME = "$(TARGET_NAME)";
				SKIP_INSTALL = YES;
				SWIFT_EMIT_LOC_STRINGS = YES;
				SWIFT_VERSION = 5.0;
				TARGETED_DEVICE_FAMILY = "1,2";
			};
			name = Debug;
		};
		F8C657842754A2290003B5D3 /* Release */ = {
			isa = XCBuildConfiguration;
			buildSettings = {
				CLANG_CXX_LANGUAGE_STANDARD = "gnu++17";
				CODE_SIGN_STYLE = Automatic;
				CURRENT_PROJECT_VERSION = 1;
				DEVELOPMENT_TEAM = T8C9SSEX5G;
				GENERATE_INFOPLIST_FILE = YES;
				INFOPLIST_FILE = ActionExtension/Info.plist;
				INFOPLIST_KEY_CFBundleDisplayName = "현규액션><";
				INFOPLIST_KEY_NSHumanReadableCopyright = "";
				IPHONEOS_DEPLOYMENT_TARGET = 15.0;
				LD_RUNPATH_SEARCH_PATHS = (
					"$(inherited)",
					"@executable_path/Frameworks",
					"@executable_path/../../Frameworks",
				);
				MARKETING_VERSION = 1.0;
				PRODUCT_BUNDLE_IDENTIFIER = "hyun99999.KakaoQRcode-iOS-CloneCoding.ActionExtension";
				PRODUCT_NAME = "$(TARGET_NAME)";
				SKIP_INSTALL = YES;
				SWIFT_EMIT_LOC_STRINGS = YES;
				SWIFT_VERSION = 5.0;
				TARGETED_DEVICE_FAMILY = "1,2";
			};
			name = Release;
		};
/* End XCBuildConfiguration section */

/* Begin XCConfigurationList section */
		F82BDE2726D771BF00EE7A27 /* Build configuration list for PBXProject "KakaoQRcode-iOS-CloneCoding" */ = {
			isa = XCConfigurationList;
			buildConfigurations = (
				F82BDE3E26D771BF00EE7A27 /* Debug */,
				F82BDE3F26D771BF00EE7A27 /* Release */,
			);
			defaultConfigurationIsVisible = 0;
			defaultConfigurationName = Release;
		};
		F82BDE4026D771BF00EE7A27 /* Build configuration list for PBXNativeTarget "KakaoQRcode-iOS-CloneCoding" */ = {
			isa = XCConfigurationList;
			buildConfigurations = (
				F82BDE4126D771BF00EE7A27 /* Debug */,
				F82BDE4226D771BF00EE7A27 /* Release */,
			);
			defaultConfigurationIsVisible = 0;
			defaultConfigurationName = Release;
		};
		F842E66D26E20F07000B2C2B /* Build configuration list for PBXNativeTarget "KakaoWidget-iOS-CloneCodingExtension" */ = {
			isa = XCConfigurationList;
			buildConfigurations = (
				F842E66E26E20F07000B2C2B /* Debug */,
				F842E66F26E20F07000B2C2B /* Release */,
			);
			defaultConfigurationIsVisible = 0;
			defaultConfigurationName = Release;
		};
		F8C657852754A2290003B5D3 /* Build configuration list for PBXNativeTarget "ActionExtension" */ = {
			isa = XCConfigurationList;
			buildConfigurations = (
				F8C657832754A2290003B5D3 /* Debug */,
				F8C657842754A2290003B5D3 /* Release */,
			);
			defaultConfigurationIsVisible = 0;
			defaultConfigurationName = Release;
		};
/* End XCConfigurationList section */

/* Begin XCRemoteSwiftPackageReference section */
		F82BDE5826D7F46900EE7A27 /* XCRemoteSwiftPackageReference "SnapKit" */ = {
			isa = XCRemoteSwiftPackageReference;
			repositoryURL = "https://github.com/SnapKit/SnapKit";
			requirement = {
				kind = upToNextMajorVersion;
				minimumVersion = 5.0.1;
			};
		};
/* End XCRemoteSwiftPackageReference section */

/* Begin XCSwiftPackageProductDependency section */
		F82BDE5926D7F46900EE7A27 /* SnapKit */ = {
			isa = XCSwiftPackageProductDependency;
			package = F82BDE5826D7F46900EE7A27 /* XCRemoteSwiftPackageReference "SnapKit" */;
			productName = SnapKit;
		};
/* End XCSwiftPackageProductDependency section */
	};
	rootObject = F82BDE2426D771BF00EE7A27 /* Project object */;
}
